
Microsoft Visual Studio Solution File, Format Version 12.00
# Visual Studio 15
VisualStudioVersion = 15.0.28010.2036
MinimumVisualStudioVersion = 10.0.40219.1
Project("{9A19103F-16F7-4668-BE54-9A1E7A4F7556}") = "UniqueTest", "src\UniqueTest\UniqueTest.csproj", "{2D0E34A3-786F-4312-8598-33975E056102}"
EndProject
Project("{2150E333-8FDC-42A3-9474-1A3956D46DE8}") = "Solution Items", "Solution Items", "{FB86B76F-9269-47A2-A364-A2281D109A3D}"
	ProjectSection(SolutionItems) = preProject
		psakefile.ps1 = psakefile.ps1
	EndProjectSection
EndProject
Project("{FAE04EC0-301F-11D3-BF4B-00C04F79EFBC}") = "CosmosDBTest.Common", "src\CosmosDBTest.Common\CosmosDBTest.Common.csproj", "{223032EC-AD95-4EBA-986E-EBF8B7DAC602}"
EndProject
Global
	GlobalSection(SolutionConfigurationPlatforms) = preSolution
		Debug|Any CPU = Debug|Any CPU
		Release|Any CPU = Release|Any CPU
	EndGlobalSection
	GlobalSection(ProjectConfigurationPlatforms) = postSolution
		{2D0E34A3-786F-4312-8598-33975E056102}.Debug|Any CPU.ActiveCfg = Debug|Any CPU
		{2D0E34A3-786F-4312-8598-33975E056102}.Debug|Any CPU.Build.0 = Debug|Any CPU
		{2D0E34A3-786F-4312-8598-33975E056102}.Release|Any CPU.ActiveCfg = Release|Any CPU
		{2D0E34A3-786F-4312-8598-33975E056102}.Release|Any CPU.Build.0 = Release|Any CPU
		{223032EC-AD95-4EBA-986E-EBF8B7DAC602}.Debug|Any CPU.ActiveCfg = Debug|Any CPU
		{223032EC-AD95-4EBA-986E-EBF8B7DAC602}.Debug|Any CPU.Build.0 = Debug|Any CPU
		{223032EC-AD95-4EBA-986E-EBF8B7DAC602}.Release|Any CPU.ActiveCfg = Release|Any CPU
		{223032EC-AD95-4EBA-986E-EBF8B7DAC602}.Release|Any CPU.Build.0 = Release|Any CPU
	EndGlobalSection
	GlobalSection(SolutionProperties) = preSolution
		HideSolutionNode = FALSE
	EndGlobalSection
	GlobalSection(ExtensibilityGlobals) = postSolution
		SolutionGuid = {0386A60C-056D-4624-B389-F8F83E13B00F}
	EndGlobalSection
EndGlobal
